
Microsoft Visual Studio Solution File, Format Version 12.00
# Visual Studio Version 16
VisualStudioVersion = 16.0.30011.22
MinimumVisualStudioVersion = 10.0.40219.1
Project("{E24C65DC-7377-472B-9ABA-BC803B73C61A}") = "Fundemo.Web(1)", "Fundemo.Web\", "{9E9F5297-C2EA-4D6C-93AD-CBB383448445}"
	ProjectSection(WebsiteProperties) = preProject
		TargetFrameworkMoniker = ".NETFramework,Version%3Dv4.7.2"
		Debug.AspNetCompiler.VirtualPath = "/localhost_5820"
		Debug.AspNetCompiler.PhysicalPath = "FunDemo.Web\"
		Debug.AspNetCompiler.TargetPath = "PrecompiledWeb\localhost_5820\"
		Debug.AspNetCompiler.Updateable = "true"
		Debug.AspNetCompiler.ForceOverwrite = "true"
		Debug.AspNetCompiler.FixedNames = "false"
		Debug.AspNetCompiler.Debug = "True"
		Release.AspNetCompiler.VirtualPath = "/localhost_5820"
		Release.AspNetCompiler.PhysicalPath = "FunDemo.Web\"
		Release.AspNetCompiler.TargetPath = "PrecompiledWeb\localhost_5820\"
		Release.AspNetCompiler.Updateable = "true"
		Release.AspNetCompiler.ForceOverwrite = "true"
		Release.AspNetCompiler.FixedNames = "false"
		Release.AspNetCompiler.Debug = "False"
		VWDPort = "5820"
		SlnRelativePath = "FunDemo.Web\"
		DefaultWebSiteLanguage = "Visual C#"
	EndProjectSection
	ProjectSection(ProjectDependencies) = postProject
		{B88B2904-39C2-457B-9495-7E0D35ACDD5E} = {B88B2904-39C2-457B-9495-7E0D35ACDD5E}
	EndProjectSection
EndProject
Project("{9A19103F-16F7-4668-BE54-9A1E7A4F7556}") = "FunDemo.Core", "FunDemo.Core\FunDemo.Core.csproj", "{B88B2904-39C2-457B-9495-7E0D35ACDD5E}"
EndProject
Global
	GlobalSection(SolutionConfigurationPlatforms) = preSolution
		Debug|Any CPU = Debug|Any CPU
		Release|Any CPU = Release|Any CPU
	EndGlobalSection
	GlobalSection(ProjectConfigurationPlatforms) = postSolution
		{9E9F5297-C2EA-4D6C-93AD-CBB383448445}.Debug|Any CPU.ActiveCfg = Debug|Any CPU
		{9E9F5297-C2EA-4D6C-93AD-CBB383448445}.Release|Any CPU.ActiveCfg = Debug|Any CPU
		{B88B2904-39C2-457B-9495-7E0D35ACDD5E}.Debug|Any CPU.ActiveCfg = Debug|Any CPU
		{B88B2904-39C2-457B-9495-7E0D35ACDD5E}.Debug|Any CPU.Build.0 = Debug|Any CPU
		{B88B2904-39C2-457B-9495-7E0D35ACDD5E}.Release|Any CPU.ActiveCfg = Release|Any CPU
		{B88B2904-39C2-457B-9495-7E0D35ACDD5E}.Release|Any CPU.Build.0 = Release|Any CPU
	EndGlobalSection
	GlobalSection(SolutionProperties) = preSolution
		HideSolutionNode = FALSE
	EndGlobalSection
	GlobalSection(ExtensibilityGlobals) = postSolution
		SolutionGuid = {C07A45FA-D791-4A6F-80AB-E840779D8CBA}
	EndGlobalSection
EndGlobal
